
Microsoft Visual Studio Solution File, Format Version 12.00
# Visual Studio Version 16
VisualStudioVersion = 16.0.31025.194
MinimumVisualStudioVersion = 10.0.40219.1
Project("{FAE04EC0-301F-11D3-BF4B-00C04F79EFBC}") = "semana4.Android", "semana4\semana4.Android\semana4.Android.csproj", "{11039FEF-4230-4071-82EF-ABE6D8C9F00E}"
EndProject
Project("{FAE04EC0-301F-11D3-BF4B-00C04F79EFBC}") = "semana4.iOS", "semana4\semana4.iOS\semana4.iOS.csproj", "{E91A7079-95E2-4726-BDD7-6CEAD810F2CA}"
EndProject
Project("{FAE04EC0-301F-11D3-BF4B-00C04F79EFBC}") = "semana4", "semana4\semana4\semana4.csproj", "{D5AFCE97-AEF3-4F09-8F90-87714C936D07}"
EndProject
Global
	GlobalSection(SolutionConfigurationPlatforms) = preSolution
		Debug|Any CPU = Debug|Any CPU
		Debug|iPhone = Debug|iPhone
		Debug|iPhoneSimulator = Debug|iPhoneSimulator
		Release|Any CPU = Release|Any CPU
		Release|iPhone = Release|iPhone
		Release|iPhoneSimulator = Release|iPhoneSimulator
	EndGlobalSection
	GlobalSection(ProjectConfigurationPlatforms) = postSolution
		{11039FEF-4230-4071-82EF-ABE6D8C9F00E}.Debug|Any CPU.ActiveCfg = Debug|Any CPU
		{11039FEF-4230-4071-82EF-ABE6D8C9F00E}.Debug|Any CPU.Build.0 = Debug|Any CPU
		{11039FEF-4230-4071-82EF-ABE6D8C9F00E}.Debug|Any CPU.Deploy.0 = Debug|Any CPU
		{11039FEF-4230-4071-82EF-ABE6D8C9F00E}.Debug|iPhone.ActiveCfg = Debug|Any CPU
		{11039FEF-4230-4071-82EF-ABE6D8C9F00E}.Debug|iPhone.Build.0 = Debug|Any CPU
		{11039FEF-4230-4071-82EF-ABE6D8C9F00E}.Debug|iPhone.Deploy.0 = Debug|Any CPU
		{11039FEF-4230-4071-82EF-ABE6D8C9F00E}.Debug|iPhoneSimulator.ActiveCfg = Debug|Any CPU
		{11039FEF-4230-4071-82EF-ABE6D8C9F00E}.Debug|iPhoneSimulator.Build.0 = Debug|Any CPU
		{11039FEF-4230-4071-82EF-ABE6D8C9F00E}.Debug|iPhoneSimulator.Deploy.0 = Debug|Any CPU
		{11039FEF-4230-4071-82EF-ABE6D8C9F00E}.Release|Any CPU.ActiveCfg = Release|Any CPU
		{11039FEF-4230-4071-82EF-ABE6D8C9F00E}.Release|Any CPU.Build.0 = Release|Any CPU
		{11039FEF-4230-4071-82EF-ABE6D8C9F00E}.Release|Any CPU.Deploy.0 = Release|Any CPU
		{11039FEF-4230-4071-82EF-ABE6D8C9F00E}.Release|iPhone.ActiveCfg = Release|Any CPU
		{11039FEF-4230-4071-82EF-ABE6D8C9F00E}.Release|iPhone.Build.0 = Release|Any CPU
		{11039FEF-4230-4071-82EF-ABE6D8C9F00E}.Release|iPhone.Deploy.0 = Release|Any CPU
		{11039FEF-4230-4071-82EF-ABE6D8C9F00E}.Release|iPhoneSimulator.ActiveCfg = Release|Any CPU
		{11039FEF-4230-4071-82EF-ABE6D8C9F00E}.Release|iPhoneSimulator.Build.0 = Release|Any CPU
		{11039FEF-4230-4071-82EF-ABE6D8C9F00E}.Release|iPhoneSimulator.Deploy.0 = Release|Any CPU
		{E91A7079-95E2-4726-BDD7-6CEAD810F2CA}.Debug|Any CPU.ActiveCfg = Debug|iPhone
		{E91A7079-95E2-4726-BDD7-6CEAD810F2CA}.Debug|Any CPU.Build.0 = Debug|iPhone
		{E91A7079-95E2-4726-BDD7-6CEAD810F2CA}.Debug|Any CPU.Deploy.0 = Debug|iPhone
		{E91A7079-95E2-4726-BDD7-6CEAD810F2CA}.Debug|iPhone.ActiveCfg = Debug|iPhone
		{E91A7079-95E2-4726-BDD7-6CEAD810F2CA}.Debug|iPhone.Build.0 = Debug|iPhone
		{E91A7079-95E2-4726-BDD7-6CEAD810F2CA}.Debug|iPhone.Deploy.0 = Debug|iPhone
		{E91A7079-95E2-4726-BDD7-6CEAD810F2CA}.Debug|iPhoneSimulator.ActiveCfg = Debug|iPhoneSimulator
		{E91A7079-95E2-4726-BDD7-6CEAD810F2CA}.Debug|iPhoneSimulator.Build.0 = Debug|iPhoneSimulator
		{E91A7079-95E2-4726-BDD7-6CEAD810F2CA}.Debug|iPhoneSimulator.Deploy.0 = Debug|iPhoneSimulator
		{E91A7079-95E2-4726-BDD7-6CEAD810F2CA}.Release|Any CPU.ActiveCfg = Release|iPhoneSimulator
		{E91A7079-95E2-4726-BDD7-6CEAD810F2CA}.Release|Any CPU.Build.0 = Release|iPhoneSimulator
		{E91A7079-95E2-4726-BDD7-6CEAD810F2CA}.Release|Any CPU.Deploy.0 = Release|iPhoneSimulator
		{E91A7079-95E2-4726-BDD7-6CEAD810F2CA}.Release|iPhone.ActiveCfg = Release|iPhone
		{E91A7079-95E2-4726-BDD7-6CEAD810F2CA}.Release|iPhone.Build.0 = Release|iPhone
		{E91A7079-95E2-4726-BDD7-6CEAD810F2CA}.Release|iPhone.Deploy.0 = Release|iPhone
		{E91A7079-95E2-4726-BDD7-6CEAD810F2CA}.Release|iPhoneSimulator.ActiveCfg = Release|iPhoneSimulator
		{E91A7079-95E2-4726-BDD7-6CEAD810F2CA}.Release|iPhoneSimulator.Build.0 = Release|iPhoneSimulator
		{E91A7079-95E2-4726-BDD7-6CEAD810F2CA}.Release|iPhoneSimulator.Deploy.0 = Release|iPhoneSimulator
		{D5AFCE97-AEF3-4F09-8F90-87714C936D07}.Debug|Any CPU.ActiveCfg = Debug|Any CPU
		{D5AFCE97-AEF3-4F09-8F90-87714C936D07}.Debug|Any CPU.Build.0 = Debug|Any CPU
		{D5AFCE97-AEF3-4F09-8F90-87714C936D07}.Debug|Any CPU.Deploy.0 = Debug|Any CPU
		{D5AFCE97-AEF3-4F09-8F90-87714C936D07}.Debug|iPhone.ActiveCfg = Debug|Any CPU
		{D5AFCE97-AEF3-4F09-8F90-87714C936D07}.Debug|iPhone.Build.0 = Debug|Any CPU
		{D5AFCE97-AEF3-4F09-8F90-87714C936D07}.Debug|iPhone.Deploy.0 = Debug|Any CPU
		{D5AFCE97-AEF3-4F09-8F90-87714C936D07}.Debug|iPhoneSimulator.ActiveCfg = Debug|Any CPU
		{D5AFCE97-AEF3-4F09-8F90-87714C936D07}.Debug|iPhoneSimulator.Build.0 = Debug|Any CPU
		{D5AFCE97-AEF3-4F09-8F90-87714C936D07}.Debug|iPhoneSimulator.Deploy.0 = Debug|Any CPU
		{D5AFCE97-AEF3-4F09-8F90-87714C936D07}.Release|Any CPU.ActiveCfg = Release|Any CPU
		{D5AFCE97-AEF3-4F09-8F90-87714C936D07}.Release|Any CPU.Build.0 = Release|Any CPU
		{D5AFCE97-AEF3-4F09-8F90-87714C936D07}.Release|Any CPU.Deploy.0 = Release|Any CPU
		{D5AFCE97-AEF3-4F09-8F90-87714C936D07}.Release|iPhone.ActiveCfg = Release|Any CPU
		{D5AFCE97-AEF3-4F09-8F90-87714C936D07}.Release|iPhone.Build.0 = Release|Any CPU
		{D5AFCE97-AEF3-4F09-8F90-87714C936D07}.Release|iPhone.Deploy.0 = Release|Any CPU
		{D5AFCE97-AEF3-4F09-8F90-87714C936D07}.Release|iPhoneSimulator.ActiveCfg = Release|Any CPU
		{D5AFCE97-AEF3-4F09-8F90-87714C936D07}.Release|iPhoneSimulator.Build.0 = Release|Any CPU
		{D5AFCE97-AEF3-4F09-8F90-87714C936D07}.Release|iPhoneSimulator.Deploy.0 = Release|Any CPU
	EndGlobalSection
	GlobalSection(SolutionProperties) = preSolution
		HideSolutionNode = FALSE
	EndGlobalSection
	GlobalSection(ExtensibilityGlobals) = postSolution
		SolutionGuid = {7384CEC3-7254-46AB-A7C1-431D3C8B44E9}
	EndGlobalSection
EndGlobal
